
Microsoft Visual Studio Solution File, Format Version 12.00
# Visual Studio Version 17
VisualStudioVersion = 17.1.32421.90
MinimumVisualStudioVersion = 10.0.40219.1
Project("{FAE04EC0-301F-11D3-BF4B-00C04F79EFBC}") = "PixivBookmarkViewer", "PixivBookmarkViewer\PixivBookmarkViewer.csproj", "{39DEA986-F10E-4A34-9C5F-293D37F28760}"
EndProject
Global
	GlobalSection(SolutionConfigurationPlatforms) = preSolution
		Debug|Any CPU = Debug|Any CPU
		Release|Any CPU = Release|Any CPU
	EndGlobalSection
	GlobalSection(ProjectConfigurationPlatforms) = postSolution
		{39DEA986-F10E-4A34-9C5F-293D37F28760}.Debug|Any CPU.ActiveCfg = Debug|Any CPU
		{39DEA986-F10E-4A34-9C5F-293D37F28760}.Debug|Any CPU.Build.0 = Debug|Any CPU
		{39DEA986-F10E-4A34-9C5F-293D37F28760}.Release|Any CPU.ActiveCfg = Release|Any CPU
		{39DEA986-F10E-4A34-9C5F-293D37F28760}.Release|Any CPU.Build.0 = Release|Any CPU
	EndGlobalSection
	GlobalSection(SolutionProperties) = preSolution
		HideSolutionNode = FALSE
	EndGlobalSection
	GlobalSection(ExtensibilityGlobals) = postSolution
		SolutionGuid = {C65DF2C9-8865-4983-AAAE-9C4452997031}
	EndGlobalSection
EndGlobal
